
Microsoft Visual Studio Solution File, Format Version 12.00
# Visual Studio Version 17
VisualStudioVersion = 17.14.36511.14 d17.14
MinimumVisualStudioVersion = 10.0.40219.1
Project("{FAE04EC0-301F-11D3-BF4B-00C04F79EFBC}") = "williapp", "williapp\williapp.csproj", "{BC2EE7AD-F5F9-4FDB-B448-E448169AE6F3}"
EndProject
Global
	GlobalSection(SolutionConfigurationPlatforms) = preSolution
		Debug|Any CPU = Debug|Any CPU
		Release|Any CPU = Release|Any CPU
	EndGlobalSection
	GlobalSection(ProjectConfigurationPlatforms) = postSolution
		{BC2EE7AD-F5F9-4FDB-B448-E448169AE6F3}.Debug|Any CPU.ActiveCfg = Debug|Any CPU
		{BC2EE7AD-F5F9-4FDB-B448-E448169AE6F3}.Debug|Any CPU.Build.0 = Debug|Any CPU
		{BC2EE7AD-F5F9-4FDB-B448-E448169AE6F3}.Release|Any CPU.ActiveCfg = Release|Any CPU
		{BC2EE7AD-F5F9-4FDB-B448-E448169AE6F3}.Release|Any CPU.Build.0 = Release|Any CPU
	EndGlobalSection
	GlobalSection(SolutionProperties) = preSolution
		HideSolutionNode = FALSE
	EndGlobalSection
	GlobalSection(ExtensibilityGlobals) = postSolution
		SolutionGuid = {C640CE28-977C-4698-A33B-9B027366B027}
	EndGlobalSection
EndGlobal
